
Microsoft Visual Studio Solution File, Format Version 12.00
# Visual Studio Version 17
VisualStudioVersion = 17.0.31903.59
MinimumVisualStudioVersion = 10.0.40219.1
Project("{FAE04EC0-301F-11D3-BF4B-00C04F79EFBC}") = "17_SwapChainRecreation", "17_SwapChainRecreation\17_SwapChainRecreation.csproj", "{8FC4027D-A943-42FA-A2AC-F77D9B3A0885}"
EndProject
Project("{FAE04EC0-301F-11D3-BF4B-00C04F79EFBC}") = "21_IndexBuffer", "21_IndexBuffer\21_IndexBuffer.csproj", "{DA04FED9-0E79-4226-BF3B-C9497E7583DF}"
EndProject
Global
	GlobalSection(SolutionConfigurationPlatforms) = preSolution
		Debug|Any CPU = Debug|Any CPU
		Release|Any CPU = Release|Any CPU
	EndGlobalSection
	GlobalSection(SolutionProperties) = preSolution
		HideSolutionNode = FALSE
	EndGlobalSection
	GlobalSection(ProjectConfigurationPlatforms) = postSolution
		{8FC4027D-A943-42FA-A2AC-F77D9B3A0885}.Debug|Any CPU.ActiveCfg = Debug|Any CPU
		{8FC4027D-A943-42FA-A2AC-F77D9B3A0885}.Debug|Any CPU.Build.0 = Debug|Any CPU
		{8FC4027D-A943-42FA-A2AC-F77D9B3A0885}.Release|Any CPU.ActiveCfg = Release|Any CPU
		{8FC4027D-A943-42FA-A2AC-F77D9B3A0885}.Release|Any CPU.Build.0 = Release|Any CPU
		{DA04FED9-0E79-4226-BF3B-C9497E7583DF}.Debug|Any CPU.ActiveCfg = Debug|Any CPU
		{DA04FED9-0E79-4226-BF3B-C9497E7583DF}.Debug|Any CPU.Build.0 = Debug|Any CPU
		{DA04FED9-0E79-4226-BF3B-C9497E7583DF}.Release|Any CPU.ActiveCfg = Release|Any CPU
		{DA04FED9-0E79-4226-BF3B-C9497E7583DF}.Release|Any CPU.Build.0 = Release|Any CPU
	EndGlobalSection
EndGlobal
